// !$*UTF8*$!
{
	archiveVersion = 1;
	classes = {
	};
	objectVersion = 46;
	objects = {

/* Begin PBXBuildFile section */
		01B083A717F300F700AD7DBD /* Foundation.framework in Frameworks */ = {isa = PBXBuildFile; fileRef = 01B083A617F300F700AD7DBD /* Foundation.framework */; };
		01B083AA17F300F700AD7DBD /* main.m in Sources */ = {isa = PBXBuildFile; fileRef = 01B083A917F300F700AD7DBD /* main.m */; };
		01B083AE17F300F700AD7DBD /* ObjcDemo.1 in CopyFiles */ = {isa = PBXBuildFile; fileRef = 01B083AD17F300F700AD7DBD /* ObjcDemo.1 */; };
/* End PBXBuildFile section */

/* Begin PBXCopyFilesBuildPhase section */
		01B083A117F300F700AD7DBD /* CopyFiles */ = {
			isa = PBXCopyFilesBuildPhase;
			buildActionMask = 2147483647;
			dstPath = /usr/share/man/man1/;
			dstSubfolderSpec = 0;
			files = (
				01B083AE17F300F700AD7DBD /* ObjcDemo.1 in CopyFiles */,
			);
			runOnlyForDeploymentPostprocessing = 1;
		};
/* End PBXCopyFilesBuildPhase section */

/* Begin PBXFileReference section */
		01B083A317F300F700AD7DBD /* ObjcDemo */ = {isa = PBXFileReference; explicitFileType = "compiled.mach-o.executable"; includeInIndex = 0; path = ObjcDemo; sourceTree = BUILT_PRODUCTS_DIR; };
		01B083A617F300F700AD7DBD /* Foundation.framework */ = {isa = PBXFileReference; lastKnownFileType = wrapper.framework; name = Foundation.framework; path = System/Library/Frameworks/Foundation.framework; sourceTree = SDKROOT; };
		01B083A917F300F700AD7DBD /* main.m */ = {isa = PBXFileReference; lastKnownFileType = sourcecode.c.objc; path = main.m; sourceTree = "<group>"; };
		01B083AC17F300F700AD7DBD /* ObjcDemo-Prefix.pch */ = {isa = PBXFileReference; lastKnownFileType = sourcecode.c.h; path = "ObjcDemo-Prefix.pch"; sourceTree = "<group>"; };
		01B083AD17F300F700AD7DBD /* ObjcDemo.1 */ = {isa = PBXFileReference; lastKnownFileType = text.man; path = ObjcDemo.1; sourceTree = "<group>"; };
/* End PBXFileReference section */

/* Begin PBXFrameworksBuildPhase section */
		01B083A017F300F700AD7DBD /* Frameworks */ = {
			isa = PBXFrameworksBuildPhase;
			buildActionMask = 2147483647;
			files = (
				01B083A717F300F700AD7DBD /* Foundation.framework in Frameworks */,
			);
			runOnlyForDeploymentPostprocessing = 0;
		};
/* End PBXFrameworksBuildPhase section */

/* Begin PBXGroup section */
		01B0839A17F300F700AD7DBD = {
			isa = PBXGroup;
			children = (
				01B083A817F300F700AD7DBD /* ObjcDemo */,
				01B083A517F300F700AD7DBD /* Frameworks */,
				01B083A417F300F700AD7DBD /* Products */,
			);
			sourceTree = "<group>";
		};
		01B083A417F300F700AD7DBD /* Products */ = {
			isa = PBXGroup;
			children = (
				01B083A317F300F700AD7DBD /* ObjcDemo */,
			);
			name = Products;
			sourceTree = "<group>";
		};
		01B083A517F300F700AD7DBD /* Frameworks */ = {
			isa = PBXGroup;
			children = (
				01B083A617F300F700AD7DBD /* Foundation.framework */,
			);
			name = Frameworks;
			sourceTree = "<group>";
		};
		01B083A817F300F700AD7DBD /* ObjcDemo */ = {
			isa = PBXGroup;
			children = (
				01B083A917F300F700AD7DBD /* main.m */,
				01B083AD17F300F700AD7DBD /* ObjcDemo.1 */,
				01B083AB17F300F700AD7DBD /* Supporting Files */,
			);
			path = ObjcDemo;
			sourceTree = "<group>";
		};
		01B083AB17F300F700AD7DBD /* Supporting Files */ = {
			isa = PBXGroup;
			children = (
				01B083AC17F300F700AD7DBD /* ObjcDemo-Prefix.pch */,
			);
			name = "Supporting Files";
			sourceTree = "<group>";
		};
/* End PBXGroup section */

/* Begin PBXNativeTarget section */
		01B083A217F300F700AD7DBD /* ObjcDemo */ = {
			isa = PBXNativeTarget;
			buildConfigurationList = 01B083B117F300F700AD7DBD /* Build configuration list for PBXNativeTarget "ObjcDemo" */;
			buildPhases = (
				01B0839F17F300F700AD7DBD /* Sources */,
				01B083A017F300F700AD7DBD /* Frameworks */,
				01B083A117F300F700AD7DBD /* CopyFiles */,
			);
			buildRules = (
			);
			dependencies = (
			);
			name = ObjcDemo;
			productName = ObjcDemo;
			productReference = 01B083A317F300F700AD7DBD /* ObjcDemo */;
			productType = "com.apple.product-type.tool";
		};
/* End PBXNativeTarget section */

/* Begin PBXProject section */
		01B0839B17F300F700AD7DBD /* Project object */ = {
			isa = PBXProject;
			attributes = {
				LastUpgradeCheck = 0460;
				ORGANIZATIONNAME = THU;
			};
			buildConfigurationList = 01B0839E17F300F700AD7DBD /* Build configuration list for PBXProject "ObjcDemo" */;
			compatibilityVersion = "Xcode 3.2";
			developmentRegion = English;
			hasScannedForEncodings = 0;
			knownRegions = (
				en,
			);
			mainGroup = 01B0839A17F300F700AD7DBD;
			productRefGroup = 01B083A417F300F700AD7DBD /* Products */;
			projectDirPath = "";
			projectRoot = "";
			targets = (
				01B083A217F300F700AD7DBD /* ObjcDemo */,
			);
		};
/* End PBXProject section */

/* Begin PBXSourcesBuildPhase section */
		01B0839F17F300F700AD7DBD /* Sources */ = {
			isa = PBXSourcesBuildPhase;
			buildActionMask = 2147483647;
			files = (
				01B083AA17F300F700AD7DBD /* main.m in Sources */,
			);
			runOnlyForDeploymentPostprocessing = 0;
		};
/* End PBXSourcesBuildPhase section */

/* Begin XCBuildConfiguration section */
		01B083AF17F300F700AD7DBD /* Debug */ = {
			isa = XCBuildConfiguration;
			buildSettings = {
				ALWAYS_SEARCH_USER_PATHS = NO;
				ARCHS = "$(ARCHS_STANDARD_64_BIT)";
				CLANG_CXX_LANGUAGE_STANDARD = "gnu++0x";
				CLANG_CXX_LIBRARY = "libc++";
				CLANG_ENABLE_OBJC_ARC = YES;
				CLANG_WARN_CONSTANT_CONVERSION = YES;
				CLANG_WARN_EMPTY_BODY = YES;
				CLANG_WARN_ENUM_CONVERSION = YES;
				CLANG_WARN_INT_CONVERSION = YES;
				CLANG_WARN__DUPLICATE_METHOD_MATCH = YES;
				COPY_PHASE_STRIP = NO;
				GCC_C_LANGUAGE_STANDARD = gnu99;
				GCC_DYNAMIC_NO_PIC = NO;
				GCC_ENABLE_OBJC_EXCEPTIONS = YES;
				GCC_OPTIMIZATION_LEVEL = 0;
				GCC_PREPROCESSOR_DEFINITIONS = (
					"DEBUG=1",
					"$(inherited)",
				);
				GCC_SYMBOLS_PRIVATE_EXTERN = NO;
				GCC_WARN_64_TO_32_BIT_CONVERSION = YES;
				GCC_WARN_ABOUT_RETURN_TYPE = YES;
				GCC_WARN_UNINITIALIZED_AUTOS = YES;
				GCC_WARN_UNUSED_VARIABLE = YES;
				MACOSX_DEPLOYMENT_TARGET = 10.8;
				ONLY_ACTIVE_ARCH = YES;
				SDKROOT = macosx;
			};
			name = Debug;
		};
		01B083B017F300F700AD7DBD /* Release */ = {
			isa = XCBuildConfiguration;
			buildSettings = {
				ALWAYS_SEARCH_USER_PATHS = NO;
				ARCHS = "$(ARCHS_STANDARD_64_BIT)";
				CLANG_CXX_LANGUAGE_STANDARD = "gnu++0x";
				CLANG_CXX_LIBRARY = "libc++";
				CLANG_ENABLE_OBJC_ARC = YES;
				CLANG_WARN_CONSTANT_CONVERSION = YES;
				CLANG_WARN_EMPTY_BODY = YES;
				CLANG_WARN_ENUM_CONVERSION = YES;
				CLANG_WARN_INT_CONVERSION = YES;
				CLANG_WARN__DUPLICATE_METHOD_MATCH = YES;
				COPY_PHASE_STRIP = YES;
				DEBUG_INFORMATION_FORMAT = "dwarf-with-dsym";
				GCC_C_LANGUAGE_STANDARD = gnu99;
				GCC_ENABLE_OBJC_EXCEPTIONS = YES;
				GCC_WARN_64_TO_32_BIT_CONVERSION = YES;
				GCC_WARN_ABOUT_RETURN_TYPE = YES;
				GCC_WARN_UNINITIALIZED_AUTOS = YES;
				GCC_WARN_UNUSED_VARIABLE = YES;
				MACOSX_DEPLOYMENT_TARGET = 10.8;
				SDKROOT = macosx;
			};
			name = Release;
		};
		01B083B217F300F700AD7DBD /* Debug */ = {
			isa = XCBuildConfiguration;
			buildSettings = {
				GCC_PRECOMPILE_PREFIX_HEADER = YES;
				GCC_PREFIX_HEADER = "ObjcDemo/ObjcDemo-Prefix.pch";
				PRODUCT_NAME = "$(TARGET_NAME)";
			};
			name = Debug;
		};
		01B083B317F300F700AD7DBD /* Release */ = {
			isa = XCBuildConfiguration;
			buildSettings = {
				GCC_PRECOMPILE_PREFIX_HEADER = YES;
				GCC_PREFIX_HEADER = "ObjcDemo/ObjcDemo-Prefix.pch";
				PRODUCT_NAME = "$(TARGET_NAME)";
			};
			name = Release;
		};
/* End XCBuildConfiguration section */

/* Begin XCConfigurationList section */
		01B0839E17F300F700AD7DBD /* Build configuration list for PBXProject "ObjcDemo" */ = {
			isa = XCConfigurationList;
			buildConfigurations = (
				01B083AF17F300F700AD7DBD /* Debug */,
				01B083B017F300F700AD7DBD /* Release */,
			);
			defaultConfigurationIsVisible = 0;
			defaultConfigurationName = Release;
		};
		01B083B117F300F700AD7DBD /* Build configuration list for PBXNativeTarget "ObjcDemo" */ = {
			isa = XCConfigurationList;
			buildConfigurations = (
				01B083B217F300F700AD7DBD /* Debug */,
				01B083B317F300F700AD7DBD /* Release */,
			);
			defaultConfigurationIsVisible = 0;
		};
/* End XCConfigurationList section */
	};
	rootObject = 01B0839B17F300F700AD7DBD /* Project object */;
}
